// !$*UTF8*$!
{
	archiveVersion = 1;
	classes = {
	};
	objectVersion = 50;
	objects = {

/* Begin PBXBuildFile section */
		D804705921B633C900FBDC60 /* IndiaOSM.zip in Resources */ = {isa = PBXBuildFile; fileRef = D804705821B633C900FBDC60 /* IndiaOSM.zip */; };
		D804706021B635C200FBDC60 /* libz.tbd in Frameworks */ = {isa = PBXBuildFile; fileRef = D804705F21B635C200FBDC60 /* libz.tbd */; };
		D81D83CF21A47EAE0031DB87 /* AppDelegate.m in Sources */ = {isa = PBXBuildFile; fileRef = D81D83CE21A47EAE0031DB87 /* AppDelegate.m */; };
		D81D83D221A47EAE0031DB87 /* ViewController.m in Sources */ = {isa = PBXBuildFile; fileRef = D81D83D121A47EAE0031DB87 /* ViewController.m */; };
		D81D83D521A47EAE0031DB87 /* Main.storyboard in Resources */ = {isa = PBXBuildFile; fileRef = D81D83D321A47EAE0031DB87 /* Main.storyboard */; };
		D81D83D721A47EAF0031DB87 /* Assets.xcassets in Resources */ = {isa = PBXBuildFile; fileRef = D81D83D621A47EAF0031DB87 /* Assets.xcassets */; };
		D81D83DA21A47EAF0031DB87 /* LaunchScreen.storyboard in Resources */ = {isa = PBXBuildFile; fileRef = D81D83D821A47EAF0031DB87 /* LaunchScreen.storyboard */; };
		D81D83DD21A47EAF0031DB87 /* main.m in Sources */ = {isa = PBXBuildFile; fileRef = D81D83DC21A47EAF0031DB87 /* main.m */; };
		D89013EF21ADDAC0007D36BD /* libPods-GoogleMapsiOSTest.a in Frameworks */ = {isa = PBXBuildFile; fileRef = EBD716515A23A5B371C7052C /* libPods-GoogleMapsiOSTest.a */; };
/* End PBXBuildFile section */

/* Begin PBXFileReference section */
		3617E2AAF2A14A2FDA96F633 /* Pods-GoogleMapsiOSTest.release.xcconfig */ = {isa = PBXFileReference; includeInIndex = 1; lastKnownFileType = text.xcconfig; name = "Pods-GoogleMapsiOSTest.release.xcconfig"; path = "Pods/Target Support Files/Pods-GoogleMapsiOSTest/Pods-GoogleMapsiOSTest.release.xcconfig"; sourceTree = "<group>"; };
		524F0C84854B3A19C66B22C3 /* libPods-GoogleMapsiOSTestTests.a */ = {isa = PBXFileReference; explicitFileType = archive.ar; includeInIndex = 0; path = "libPods-GoogleMapsiOSTestTests.a"; sourceTree = BUILT_PRODUCTS_DIR; };
		A3202D39A56000266132E8EE /* libPods-GoogleMapsiOSTestUITests.a */ = {isa = PBXFileReference; explicitFileType = archive.ar; includeInIndex = 0; path = "libPods-GoogleMapsiOSTestUITests.a"; sourceTree = BUILT_PRODUCTS_DIR; };
		C3D6E29D0810908CEF9ED1EA /* Pods-GoogleMapsiOSTest.debug.xcconfig */ = {isa = PBXFileReference; includeInIndex = 1; lastKnownFileType = text.xcconfig; name = "Pods-GoogleMapsiOSTest.debug.xcconfig"; path = "Pods/Target Support Files/Pods-GoogleMapsiOSTest/Pods-GoogleMapsiOSTest.debug.xcconfig"; sourceTree = "<group>"; };
		D804705821B633C900FBDC60 /* IndiaOSM.zip */ = {isa = PBXFileReference; lastKnownFileType = archive.zip; path = IndiaOSM.zip; sourceTree = "<group>"; };
		D804705F21B635C200FBDC60 /* libz.tbd */ = {isa = PBXFileReference; lastKnownFileType = "sourcecode.text-based-dylib-definition"; name = libz.tbd; path = usr/lib/libz.tbd; sourceTree = SDKROOT; };
		D81D83CA21A47EAE0031DB87 /* GoogleMapsiOSTest.app */ = {isa = PBXFileReference; explicitFileType = wrapper.application; includeInIndex = 0; path = GoogleMapsiOSTest.app; sourceTree = BUILT_PRODUCTS_DIR; };
		D81D83CD21A47EAE0031DB87 /* AppDelegate.h */ = {isa = PBXFileReference; lastKnownFileType = sourcecode.c.h; path = AppDelegate.h; sourceTree = "<group>"; };
		D81D83CE21A47EAE0031DB87 /* AppDelegate.m */ = {isa = PBXFileReference; lastKnownFileType = sourcecode.c.objc; path = AppDelegate.m; sourceTree = "<group>"; };
		D81D83D021A47EAE0031DB87 /* ViewController.h */ = {isa = PBXFileReference; lastKnownFileType = sourcecode.c.h; path = ViewController.h; sourceTree = "<group>"; };
		D81D83D121A47EAE0031DB87 /* ViewController.m */ = {isa = PBXFileReference; lastKnownFileType = sourcecode.c.objc; path = ViewController.m; sourceTree = "<group>"; };
		D81D83D421A47EAE0031DB87 /* Base */ = {isa = PBXFileReference; lastKnownFileType = file.storyboard; name = Base; path = Base.lproj/Main.storyboard; sourceTree = "<group>"; };
		D81D83D621A47EAF0031DB87 /* Assets.xcassets */ = {isa = PBXFileReference; lastKnownFileType = folder.assetcatalog; path = Assets.xcassets; sourceTree = "<group>"; };
		D81D83D921A47EAF0031DB87 /* Base */ = {isa = PBXFileReference; lastKnownFileType = file.storyboard; name = Base; path = Base.lproj/LaunchScreen.storyboard; sourceTree = "<group>"; };
		D81D83DB21A47EAF0031DB87 /* Info.plist */ = {isa = PBXFileReference; lastKnownFileType = text.plist.xml; path = Info.plist; sourceTree = "<group>"; };
		D81D83DC21A47EAF0031DB87 /* main.m */ = {isa = PBXFileReference; lastKnownFileType = sourcecode.c.objc; path = main.m; sourceTree = "<group>"; };
		D89013ED21ADD3A4007D36BD /* CoreLocation.framework */ = {isa = PBXFileReference; lastKnownFileType = wrapper.framework; name = CoreLocation.framework; path = System/Library/Frameworks/CoreLocation.framework; sourceTree = SDKROOT; };
		EBD716515A23A5B371C7052C /* libPods-GoogleMapsiOSTest.a */ = {isa = PBXFileReference; explicitFileType = archive.ar; includeInIndex = 0; path = "libPods-GoogleMapsiOSTest.a"; sourceTree = BUILT_PRODUCTS_DIR; };
/* End PBXFileReference section */

/* Begin PBXFrameworksBuildPhase section */
		D81D83C721A47EAE0031DB87 /* Frameworks */ = {
			isa = PBXFrameworksBuildPhase;
			buildActionMask = 2147483647;
			files = (
				D804706021B635C200FBDC60 /* libz.tbd in Frameworks */,
				D89013EF21ADDAC0007D36BD /* libPods-GoogleMapsiOSTest.a in Frameworks */,
			);
			runOnlyForDeploymentPostprocessing = 0;
		};
/* End PBXFrameworksBuildPhase section */

/* Begin PBXGroup section */
		8BF9AAE3F26D0081309D1568 /* Pods */ = {
			isa = PBXGroup;
			children = (
				C3D6E29D0810908CEF9ED1EA /* Pods-GoogleMapsiOSTest.debug.xcconfig */,
				3617E2AAF2A14A2FDA96F633 /* Pods-GoogleMapsiOSTest.release.xcconfig */,
			);
			name = Pods;
			sourceTree = "<group>";
		};
		BD07AF5DDF60505E2B60C606 /* Frameworks */ = {
			isa = PBXGroup;
			children = (
				D804705F21B635C200FBDC60 /* libz.tbd */,
				D89013ED21ADD3A4007D36BD /* CoreLocation.framework */,
				EBD716515A23A5B371C7052C /* libPods-GoogleMapsiOSTest.a */,
				524F0C84854B3A19C66B22C3 /* libPods-GoogleMapsiOSTestTests.a */,
				A3202D39A56000266132E8EE /* libPods-GoogleMapsiOSTestUITests.a */,
			);
			name = Frameworks;
			sourceTree = "<group>";
		};
		D81D83C121A47EAE0031DB87 = {
			isa = PBXGroup;
			children = (
				D81D83CC21A47EAE0031DB87 /* GoogleMapsiOSTest */,
				D81D83CB21A47EAE0031DB87 /* Products */,
				8BF9AAE3F26D0081309D1568 /* Pods */,
				BD07AF5DDF60505E2B60C606 /* Frameworks */,
			);
			sourceTree = "<group>";
		};
		D81D83CB21A47EAE0031DB87 /* Products */ = {
			isa = PBXGroup;
			children = (
				D81D83CA21A47EAE0031DB87 /* GoogleMapsiOSTest.app */,
			);
			name = Products;
			sourceTree = "<group>";
		};
		D81D83CC21A47EAE0031DB87 /* GoogleMapsiOSTest */ = {
			isa = PBXGroup;
			children = (
				D81D83CD21A47EAE0031DB87 /* AppDelegate.h */,
				D81D83CE21A47EAE0031DB87 /* AppDelegate.m */,
				D81D83D021A47EAE0031DB87 /* ViewController.h */,
				D81D83D121A47EAE0031DB87 /* ViewController.m */,
				D81D83D321A47EAE0031DB87 /* Main.storyboard */,
				D81D83D621A47EAF0031DB87 /* Assets.xcassets */,
				D81D83D821A47EAF0031DB87 /* LaunchScreen.storyboard */,
				D81D83DB21A47EAF0031DB87 /* Info.plist */,
				D81D83DC21A47EAF0031DB87 /* main.m */,
				D804705821B633C900FBDC60 /* IndiaOSM.zip */,
			);
			path = GoogleMapsiOSTest;
			sourceTree = "<group>";
		};
/* End PBXGroup section */

/* Begin PBXNativeTarget section */
		D81D83C921A47EAE0031DB87 /* GoogleMapsiOSTest */ = {
			isa = PBXNativeTarget;
			buildConfigurationList = D81D83F621A47EAF0031DB87 /* Build configuration list for PBXNativeTarget "GoogleMapsiOSTest" */;
			buildPhases = (
				9574D36490B8D38ADF8BCC4D /* [CP] Check Pods Manifest.lock */,
				D81D83C621A47EAE0031DB87 /* Sources */,
				D81D83C721A47EAE0031DB87 /* Frameworks */,
				D81D83C821A47EAE0031DB87 /* Resources */,
				BA25C8AA48D76B841C8A04FE /* [CP] Copy Pods Resources */,
			);
			buildRules = (
			);
			dependencies = (
			);
			name = GoogleMapsiOSTest;
			productName = GoogleMapsiOSTest;
			productReference = D81D83CA21A47EAE0031DB87 /* GoogleMapsiOSTest.app */;
			productType = "com.apple.product-type.application";
		};
/* End PBXNativeTarget section */

/* Begin PBXProject section */
		D81D83C221A47EAE0031DB87 /* Project object */ = {
			isa = PBXProject;
			attributes = {
				LastUpgradeCheck = 1010;
				ORGANIZATIONNAME = "Alexander Stein";
				TargetAttributes = {
					D81D83C921A47EAE0031DB87 = {
						CreatedOnToolsVersion = 10.1;
					};
				};
			};
			buildConfigurationList = D81D83C521A47EAE0031DB87 /* Build configuration list for PBXProject "GoogleMapsiOSTest" */;
			compatibilityVersion = "Xcode 9.3";
			developmentRegion = en;
			hasScannedForEncodings = 0;
			knownRegions = (
				en,
				Base,
			);
			mainGroup = D81D83C121A47EAE0031DB87;
			productRefGroup = D81D83CB21A47EAE0031DB87 /* Products */;
			projectDirPath = "";
			projectRoot = "";
			targets = (
				D81D83C921A47EAE0031DB87 /* GoogleMapsiOSTest */,
			);
		};
/* End PBXProject section */

/* Begin PBXResourcesBuildPhase section */
		D81D83C821A47EAE0031DB87 /* Resources */ = {
			isa = PBXResourcesBuildPhase;
			buildActionMask = 2147483647;
			files = (
				D81D83DA21A47EAF0031DB87 /* LaunchScreen.storyboard in Resources */,
				D804705921B633C900FBDC60 /* IndiaOSM.zip in Resources */,
				D81D83D721A47EAF0031DB87 /* Assets.xcassets in Resources */,
				D81D83D521A47EAE0031DB87 /* Main.storyboard in Resources */,
			);
			runOnlyForDeploymentPostprocessing = 0;
		};
/* End PBXResourcesBuildPhase section */

/* Begin PBXShellScriptBuildPhase section */
		9574D36490B8D38ADF8BCC4D /* [CP] Check Pods Manifest.lock */ = {
			isa = PBXShellScriptBuildPhase;
			buildActionMask = 2147483647;
			files = (
			);
			inputFileListPaths = (
			);
			inputPaths = (
				"${PODS_PODFILE_DIR_PATH}/Podfile.lock",
				"${PODS_ROOT}/Manifest.lock",
			);
			name = "[CP] Check Pods Manifest.lock";
			outputFileListPaths = (
			);
			outputPaths = (
				"$(DERIVED_FILE_DIR)/Pods-GoogleMapsiOSTest-checkManifestLockResult.txt",
			);
			runOnlyForDeploymentPostprocessing = 0;
			shellPath = /bin/sh;
			shellScript = "diff \"${PODS_PODFILE_DIR_PATH}/Podfile.lock\" \"${PODS_ROOT}/Manifest.lock\" > /dev/null\nif [ $? != 0 ] ; then\n    # print error to STDERR\n    echo \"error: The sandbox is not in sync with the Podfile.lock. Run 'pod install' or update your CocoaPods installation.\" >&2\n    exit 1\nfi\n# This output is used by Xcode 'outputs' to avoid re-running this script phase.\necho \"SUCCESS\" > \"${SCRIPT_OUTPUT_FILE_0}\"\n";
			showEnvVarsInLog = 0;
		};
		BA25C8AA48D76B841C8A04FE /* [CP] Copy Pods Resources */ = {
			isa = PBXShellScriptBuildPhase;
			buildActionMask = 2147483647;
			files = (
			);
			inputFileListPaths = (
			);
			inputPaths = (
				"${SRCROOT}/Pods/Target Support Files/Pods-GoogleMapsiOSTest/Pods-GoogleMapsiOSTest-resources.sh",
				"${PODS_ROOT}/GoogleMaps/Maps/Frameworks/GoogleMaps.framework/Resources/GoogleMaps.bundle",
			);
			name = "[CP] Copy Pods Resources";
			outputFileListPaths = (
			);
			outputPaths = (
				"${TARGET_BUILD_DIR}/${UNLOCALIZED_RESOURCES_FOLDER_PATH}/GoogleMaps.bundle",
			);
			runOnlyForDeploymentPostprocessing = 0;
			shellPath = /bin/sh;
			shellScript = "\"${SRCROOT}/Pods/Target Support Files/Pods-GoogleMapsiOSTest/Pods-GoogleMapsiOSTest-resources.sh\"\n";
			showEnvVarsInLog = 0;
		};
/* End PBXShellScriptBuildPhase section */

/* Begin PBXSourcesBuildPhase section */
		D81D83C621A47EAE0031DB87 /* Sources */ = {
			isa = PBXSourcesBuildPhase;
			buildActionMask = 2147483647;
			files = (
				D81D83D221A47EAE0031DB87 /* ViewController.m in Sources */,
				D81D83DD21A47EAF0031DB87 /* main.m in Sources */,
				D81D83CF21A47EAE0031DB87 /* AppDelegate.m in Sources */,
			);
			runOnlyForDeploymentPostprocessing = 0;
		};
/* End PBXSourcesBuildPhase section */

/* Begin PBXVariantGroup section */
		D81D83D321A47EAE0031DB87 /* Main.storyboard */ = {
			isa = PBXVariantGroup;
			children = (
				D81D83D421A47EAE0031DB87 /* Base */,
			);
			name = Main.storyboard;
			sourceTree = "<group>";
		};
		D81D83D821A47EAF0031DB87 /* LaunchScreen.storyboard */ = {
			isa = PBXVariantGroup;
			children = (
				D81D83D921A47EAF0031DB87 /* Base */,
			);
			name = LaunchScreen.storyboard;
			sourceTree = "<group>";
		};
/* End PBXVariantGroup section */

/* Begin XCBuildConfiguration section */
		D81D83F421A47EAF0031DB87 /* Debug */ = {
			isa = XCBuildConfiguration;
			buildSettings = {
				ALWAYS_SEARCH_USER_PATHS = NO;
				CLANG_ANALYZER_NONNULL = YES;
				CLANG_ANALYZER_NUMBER_OBJECT_CONVERSION = YES_AGGRESSIVE;
				CLANG_CXX_LANGUAGE_STANDARD = "gnu++14";
				CLANG_CXX_LIBRARY = "libc++";
				CLANG_ENABLE_MODULES = YES;
				CLANG_ENABLE_OBJC_ARC = YES;
				CLANG_ENABLE_OBJC_WEAK = YES;
				CLANG_WARN_BLOCK_CAPTURE_AUTORELEASING = YES;
				CLANG_WARN_BOOL_CONVERSION = YES;
				CLANG_WARN_COMMA = YES;
				CLANG_WARN_CONSTANT_CONVERSION = YES;
				CLANG_WARN_DEPRECATED_OBJC_IMPLEMENTATIONS = YES;
				CLANG_WARN_DIRECT_OBJC_ISA_USAGE = YES_ERROR;
				CLANG_WARN_DOCUMENTATION_COMMENTS = YES;
				CLANG_WARN_EMPTY_BODY = YES;
				CLANG_WARN_ENUM_CONVERSION = YES;
				CLANG_WARN_INFINITE_RECURSION = YES;
				CLANG_WARN_INT_CONVERSION = YES;
				CLANG_WARN_NON_LITERAL_NULL_CONVERSION = YES;
				CLANG_WARN_OBJC_IMPLICIT_RETAIN_SELF = YES;
				CLANG_WARN_OBJC_LITERAL_CONVERSION = YES;
				CLANG_WARN_OBJC_ROOT_CLASS = YES_ERROR;
				CLANG_WARN_RANGE_LOOP_ANALYSIS = YES;
				CLANG_WARN_STRICT_PROTOTYPES = YES;
				CLANG_WARN_SUSPICIOUS_MOVE = YES;
				CLANG_WARN_UNGUARDED_AVAILABILITY = YES_AGGRESSIVE;
				CLANG_WARN_UNREACHABLE_CODE = YES;
				CLANG_WARN__DUPLICATE_METHOD_MATCH = YES;
				CODE_SIGN_IDENTITY = "iPhone Developer";
				COPY_PHASE_STRIP = NO;
				DEBUG_INFORMATION_FORMAT = dwarf;
				ENABLE_STRICT_OBJC_MSGSEND = YES;
				ENABLE_TESTABILITY = YES;
				GCC_C_LANGUAGE_STANDARD = gnu11;
				GCC_DYNAMIC_NO_PIC = NO;
				GCC_NO_COMMON_BLOCKS = YES;
				GCC_OPTIMIZATION_LEVEL = 0;
				GCC_PREPROCESSOR_DEFINITIONS = (
					"DEBUG=1",
					"$(inherited)",
				);
				GCC_WARN_64_TO_32_BIT_CONVERSION = YES;
				GCC_WARN_ABOUT_RETURN_TYPE = YES_ERROR;
				GCC_WARN_UNDECLARED_SELECTOR = YES;
				GCC_WARN_UNINITIALIZED_AUTOS = YES_AGGRESSIVE;
				GCC_WARN_UNUSED_FUNCTION = YES;
				GCC_WARN_UNUSED_VARIABLE = YES;
				IPHONEOS_DEPLOYMENT_TARGET = 12.1;
				MTL_ENABLE_DEBUG_INFO = INCLUDE_SOURCE;
				MTL_FAST_MATH = YES;
				ONLY_ACTIVE_ARCH = YES;
				SDKROOT = iphoneos;
			};
			name = Debug;
		};
		D81D83F521A47EAF0031DB87 /* Release */ = {
			isa = XCBuildConfiguration;
			buildSettings = {
				ALWAYS_SEARCH_USER_PATHS = NO;
				CLANG_ANALYZER_NONNULL = YES;
				CLANG_ANALYZER_NUMBER_OBJECT_CONVERSION = YES_AGGRESSIVE;
				CLANG_CXX_LANGUAGE_STANDARD = "gnu++14";
				CLANG_CXX_LIBRARY = "libc++";
				CLANG_ENABLE_MODULES = YES;
				CLANG_ENABLE_OBJC_ARC = YES;
				CLANG_ENABLE_OBJC_WEAK = YES;
				CLANG_WARN_BLOCK_CAPTURE_AUTORELEASING = YES;
				CLANG_WARN_BOOL_CONVERSION = YES;
				CLANG_WARN_COMMA = YES;
				CLANG_WARN_CONSTANT_CONVERSION = YES;
				CLANG_WARN_DEPRECATED_OBJC_IMPLEMENTATIONS = YES;
				CLANG_WARN_DIRECT_OBJC_ISA_USAGE = YES_ERROR;
				CLANG_WARN_DOCUMENTATION_COMMENTS = YES;
				CLANG_WARN_EMPTY_BODY = YES;
				CLANG_WARN_ENUM_CONVERSION = YES;
				CLANG_WARN_INFINITE_RECURSION = YES;
				CLANG_WARN_INT_CONVERSION = YES;
				CLANG_WARN_NON_LITERAL_NULL_CONVERSION = YES;
				CLANG_WARN_OBJC_IMPLICIT_RETAIN_SELF = YES;
				CLANG_WARN_OBJC_LITERAL_CONVERSION = YES;
				CLANG_WARN_OBJC_ROOT_CLASS = YES_ERROR;
				CLANG_WARN_RANGE_LOOP_ANALYSIS = YES;
				CLANG_WARN_STRICT_PROTOTYPES = YES;
				CLANG_WARN_SUSPICIOUS_MOVE = YES;
				CLANG_WARN_UNGUARDED_AVAILABILITY = YES_AGGRESSIVE;
				CLANG_WARN_UNREACHABLE_CODE = YES;
				CLANG_WARN__DUPLICATE_METHOD_MATCH = YES;
				CODE_SIGN_IDENTITY = "iPhone Developer";
				COPY_PHASE_STRIP = NO;
				DEBUG_INFORMATION_FORMAT = "dwarf-with-dsym";
				ENABLE_NS_ASSERTIONS = NO;
				ENABLE_STRICT_OBJC_MSGSEND = YES;
				GCC_C_LANGUAGE_STANDARD = gnu11;
				GCC_NO_COMMON_BLOCKS = YES;
				GCC_WARN_64_TO_32_BIT_CONVERSION = YES;
				GCC_WARN_ABOUT_RETURN_TYPE = YES_ERROR;
				GCC_WARN_UNDECLARED_SELECTOR = YES;
				GCC_WARN_UNINITIALIZED_AUTOS = YES_AGGRESSIVE;
				GCC_WARN_UNUSED_FUNCTION = YES;
				GCC_WARN_UNUSED_VARIABLE = YES;
				IPHONEOS_DEPLOYMENT_TARGET = 12.1;
				MTL_ENABLE_DEBUG_INFO = NO;
				MTL_FAST_MATH = YES;
				SDKROOT = iphoneos;
				VALIDATE_PRODUCT = YES;
			};
			name = Release;
		};
		D81D83F721A47EAF0031DB87 /* Debug */ = {
			isa = XCBuildConfiguration;
			baseConfigurationReference = C3D6E29D0810908CEF9ED1EA /* Pods-GoogleMapsiOSTest.debug.xcconfig */;
			buildSettings = {
				ASSETCATALOG_COMPILER_APPICON_NAME = AppIcon;
				CODE_SIGN_STYLE = Automatic;
				DEVELOPMENT_TEAM = UXB5K7N45H;
				INFOPLIST_FILE = GoogleMapsiOSTest/Info.plist;
				LD_RUNPATH_SEARCH_PATHS = (
					"$(inherited)",
					"@executable_path/Frameworks",
				);
				PRODUCT_BUNDLE_IDENTIFIER = com.actioncharts.ZZTEST;
				PRODUCT_NAME = "$(TARGET_NAME)";
				TARGETED_DEVICE_FAMILY = "1,2";
			};
			name = Debug;
		};
		D81D83F821A47EAF0031DB87 /* Release */ = {
			isa = XCBuildConfiguration;
			baseConfigurationReference = 3617E2AAF2A14A2FDA96F633 /* Pods-GoogleMapsiOSTest.release.xcconfig */;
			buildSettings = {
				ASSETCATALOG_COMPILER_APPICON_NAME = AppIcon;
				CODE_SIGN_STYLE = Automatic;
				DEVELOPMENT_TEAM = UXB5K7N45H;
				INFOPLIST_FILE = GoogleMapsiOSTest/Info.plist;
				LD_RUNPATH_SEARCH_PATHS = (
					"$(inherited)",
					"@executable_path/Frameworks",
				);
				PRODUCT_BUNDLE_IDENTIFIER = com.actioncharts.ZZTEST;
				PRODUCT_NAME = "$(TARGET_NAME)";
				TARGETED_DEVICE_FAMILY = "1,2";
			};
			name = Release;
		};
/* End XCBuildConfiguration section */

/* Begin XCConfigurationList section */
		D81D83C521A47EAE0031DB87 /* Build configuration list for PBXProject "GoogleMapsiOSTest" */ = {
			isa = XCConfigurationList;
			buildConfigurations = (
				D81D83F421A47EAF0031DB87 /* Debug */,
				D81D83F521A47EAF0031DB87 /* Release */,
			);
			defaultConfigurationIsVisible = 0;
			defaultConfigurationName = Release;
		};
		D81D83F621A47EAF0031DB87 /* Build configuration list for PBXNativeTarget "GoogleMapsiOSTest" */ = {
			isa = XCConfigurationList;
			buildConfigurations = (
				D81D83F721A47EAF0031DB87 /* Debug */,
				D81D83F821A47EAF0031DB87 /* Release */,
			);
			defaultConfigurationIsVisible = 0;
			defaultConfigurationName = Release;
		};
/* End XCConfigurationList section */
	};
	rootObject = D81D83C221A47EAE0031DB87 /* Project object */;
}
